
Microsoft Visual Studio Solution File, Format Version 12.00
# Visual Studio Version 16
VisualStudioVersion = 16.0.31624.102
MinimumVisualStudioVersion = 10.0.40219.1
Project("{FAE04EC0-301F-11D3-BF4B-00C04F79EFBC}") = "Lab8", "Lab8.csproj", "{80F435E0-1FEF-4B4C-9B17-0F92B6F62614}"
EndProject
Global
	GlobalSection(SolutionConfigurationPlatforms) = preSolution
		Debug|Any CPU = Debug|Any CPU
		Release|Any CPU = Release|Any CPU
	EndGlobalSection
	GlobalSection(ProjectConfigurationPlatforms) = postSolution
		{80F435E0-1FEF-4B4C-9B17-0F92B6F62614}.Debug|Any CPU.ActiveCfg = Debug|Any CPU
		{80F435E0-1FEF-4B4C-9B17-0F92B6F62614}.Debug|Any CPU.Build.0 = Debug|Any CPU
		{80F435E0-1FEF-4B4C-9B17-0F92B6F62614}.Release|Any CPU.ActiveCfg = Release|Any CPU
		{80F435E0-1FEF-4B4C-9B17-0F92B6F62614}.Release|Any CPU.Build.0 = Release|Any CPU
	EndGlobalSection
	GlobalSection(SolutionProperties) = preSolution
		HideSolutionNode = FALSE
	EndGlobalSection
	GlobalSection(ExtensibilityGlobals) = postSolution
		SolutionGuid = {5A5438AF-8EB2-4E18-8FD3-793D56971616}
	EndGlobalSection
EndGlobal
